
Microsoft Visual Studio Solution File, Format Version 12.00
# Visual Studio Version 17
VisualStudioVersion = 17.12.35514.174 d17.12
MinimumVisualStudioVersion = 10.0.40219.1
Project("{FAE04EC0-301F-11D3-BF4B-00C04F79EFBC}") = "RuntineDotnet", "RuntineDotnet\RuntineDotnet.csproj", "{CACB6BCC-2437-4F9A-9B35-62C8F1D9E708}"
EndProject
Project("{FAE04EC0-301F-11D3-BF4B-00C04F79EFBC}") = "OptionsWebParDefaut", "OptionsWebParDefaut\OptionsWebParDefaut.csproj", "{27D1CFC6-C65A-4B81-96F2-06B8BC02ED06}"
EndProject
Project("{FAE04EC0-301F-11D3-BF4B-00C04F79EFBC}") = "Linq", "Linq\Linq.csproj", "{21A56B74-BA88-42BA-A849-B833EF9DE7C8}"
EndProject
Project("{FAE04EC0-301F-11D3-BF4B-00C04F79EFBC}") = "Collections", "Collections\Collections.csproj", "{99D763EA-6172-4B3D-A333-91D66DB69539}"
EndProject
Global
	GlobalSection(SolutionConfigurationPlatforms) = preSolution
		Debug|Any CPU = Debug|Any CPU
		Release|Any CPU = Release|Any CPU
	EndGlobalSection
	GlobalSection(ProjectConfigurationPlatforms) = postSolution
		{CACB6BCC-2437-4F9A-9B35-62C8F1D9E708}.Debug|Any CPU.ActiveCfg = Debug|Any CPU
		{CACB6BCC-2437-4F9A-9B35-62C8F1D9E708}.Debug|Any CPU.Build.0 = Debug|Any CPU
		{CACB6BCC-2437-4F9A-9B35-62C8F1D9E708}.Release|Any CPU.ActiveCfg = Release|Any CPU
		{CACB6BCC-2437-4F9A-9B35-62C8F1D9E708}.Release|Any CPU.Build.0 = Release|Any CPU
		{27D1CFC6-C65A-4B81-96F2-06B8BC02ED06}.Debug|Any CPU.ActiveCfg = Debug|Any CPU
		{27D1CFC6-C65A-4B81-96F2-06B8BC02ED06}.Debug|Any CPU.Build.0 = Debug|Any CPU
		{27D1CFC6-C65A-4B81-96F2-06B8BC02ED06}.Release|Any CPU.ActiveCfg = Release|Any CPU
		{27D1CFC6-C65A-4B81-96F2-06B8BC02ED06}.Release|Any CPU.Build.0 = Release|Any CPU
		{21A56B74-BA88-42BA-A849-B833EF9DE7C8}.Debug|Any CPU.ActiveCfg = Debug|Any CPU
		{21A56B74-BA88-42BA-A849-B833EF9DE7C8}.Debug|Any CPU.Build.0 = Debug|Any CPU
		{21A56B74-BA88-42BA-A849-B833EF9DE7C8}.Release|Any CPU.ActiveCfg = Release|Any CPU
		{21A56B74-BA88-42BA-A849-B833EF9DE7C8}.Release|Any CPU.Build.0 = Release|Any CPU
		{99D763EA-6172-4B3D-A333-91D66DB69539}.Debug|Any CPU.ActiveCfg = Debug|Any CPU
		{99D763EA-6172-4B3D-A333-91D66DB69539}.Debug|Any CPU.Build.0 = Debug|Any CPU
		{99D763EA-6172-4B3D-A333-91D66DB69539}.Release|Any CPU.ActiveCfg = Release|Any CPU
		{99D763EA-6172-4B3D-A333-91D66DB69539}.Release|Any CPU.Build.0 = Release|Any CPU
	EndGlobalSection
	GlobalSection(SolutionProperties) = preSolution
		HideSolutionNode = FALSE
	EndGlobalSection
EndGlobal
