
Microsoft Visual Studio Solution File, Format Version 12.00
# Visual Studio Version 17
VisualStudioVersion = 17.12.35514.174
MinimumVisualStudioVersion = 10.0.40219.1
Project("{FAE04EC0-301F-11D3-BF4B-00C04F79EFBC}") = "RuntineDotnet", "RuntineDotnet\RuntineDotnet.csproj", "{CACB6BCC-2437-4F9A-9B35-62C8F1D9E708}"
EndProject
Project("{FAE04EC0-301F-11D3-BF4B-00C04F79EFBC}") = "OptionsWebParDefaut", "OptionsWebParDefaut\OptionsWebParDefaut.csproj", "{27D1CFC6-C65A-4B81-96F2-06B8BC02ED06}"
EndProject
Project("{FAE04EC0-301F-11D3-BF4B-00C04F79EFBC}") = "Linq", "Linq\Linq.csproj", "{21A56B74-BA88-42BA-A849-B833EF9DE7C8}"
EndProject
Project("{FAE04EC0-301F-11D3-BF4B-00C04F79EFBC}") = "Collections", "Collections\Collections.csproj", "{99D763EA-6172-4B3D-A333-91D66DB69539}"
EndProject
Project("{FAE04EC0-301F-11D3-BF4B-00C04F79EFBC}") = "BonusAttaquerServeurLinuxSSH", "BonusAttaquerServeurLinuxSSH\BonusAttaquerServeurLinuxSSH.csproj", "{274EB8D3-9BFD-4B3A-A3F6-21B894B0329C}"
EndProject
Project("{FAE04EC0-301F-11D3-BF4B-00C04F79EFBC}") = "CleanUsageGRPatternV1", "..\..\Users\sarrk\source\repos\CleanUsageGRPatternV1\CleanUsageGRPatternV1.csproj", "{DC5E35E7-A9E5-4B2A-8CD9-CBF9F1896588}"
EndProject
Project("{FAE04EC0-301F-11D3-BF4B-00C04F79EFBC}") = "MauiApp1", "MauiApp1\MauiApp1\MauiApp1.csproj", "{28BB199C-BE37-42A5-81D8-39F42AA01896}"
EndProject
Project("{FAE04EC0-301F-11D3-BF4B-00C04F79EFBC}") = "MauiApp1.Shared", "MauiApp1\MauiApp1.Shared\MauiApp1.Shared.csproj", "{F5D6D194-155C-4F25-87AC-A5C4C204BAA9}"
EndProject
Project("{FAE04EC0-301F-11D3-BF4B-00C04F79EFBC}") = "MauiApp1.Web", "MauiApp1\MauiApp1.Web\MauiApp1.Web.csproj", "{A428FEDB-81D6-4BC3-A844-C1DB9A455904}"
EndProject
Global
	GlobalSection(SolutionConfigurationPlatforms) = preSolution
		Debug|Any CPU = Debug|Any CPU
		Release|Any CPU = Release|Any CPU
	EndGlobalSection
	GlobalSection(ProjectConfigurationPlatforms) = postSolution
		{CACB6BCC-2437-4F9A-9B35-62C8F1D9E708}.Debug|Any CPU.ActiveCfg = Debug|Any CPU
		{CACB6BCC-2437-4F9A-9B35-62C8F1D9E708}.Debug|Any CPU.Build.0 = Debug|Any CPU
		{CACB6BCC-2437-4F9A-9B35-62C8F1D9E708}.Release|Any CPU.ActiveCfg = Release|Any CPU
		{CACB6BCC-2437-4F9A-9B35-62C8F1D9E708}.Release|Any CPU.Build.0 = Release|Any CPU
		{27D1CFC6-C65A-4B81-96F2-06B8BC02ED06}.Debug|Any CPU.ActiveCfg = Debug|Any CPU
		{27D1CFC6-C65A-4B81-96F2-06B8BC02ED06}.Debug|Any CPU.Build.0 = Debug|Any CPU
		{27D1CFC6-C65A-4B81-96F2-06B8BC02ED06}.Release|Any CPU.ActiveCfg = Release|Any CPU
		{27D1CFC6-C65A-4B81-96F2-06B8BC02ED06}.Release|Any CPU.Build.0 = Release|Any CPU
		{21A56B74-BA88-42BA-A849-B833EF9DE7C8}.Debug|Any CPU.ActiveCfg = Debug|Any CPU
		{21A56B74-BA88-42BA-A849-B833EF9DE7C8}.Debug|Any CPU.Build.0 = Debug|Any CPU
		{21A56B74-BA88-42BA-A849-B833EF9DE7C8}.Release|Any CPU.ActiveCfg = Release|Any CPU
		{21A56B74-BA88-42BA-A849-B833EF9DE7C8}.Release|Any CPU.Build.0 = Release|Any CPU
		{99D763EA-6172-4B3D-A333-91D66DB69539}.Debug|Any CPU.ActiveCfg = Debug|Any CPU
		{99D763EA-6172-4B3D-A333-91D66DB69539}.Debug|Any CPU.Build.0 = Debug|Any CPU
		{99D763EA-6172-4B3D-A333-91D66DB69539}.Release|Any CPU.ActiveCfg = Release|Any CPU
		{99D763EA-6172-4B3D-A333-91D66DB69539}.Release|Any CPU.Build.0 = Release|Any CPU
		{274EB8D3-9BFD-4B3A-A3F6-21B894B0329C}.Debug|Any CPU.ActiveCfg = Debug|Any CPU
		{274EB8D3-9BFD-4B3A-A3F6-21B894B0329C}.Debug|Any CPU.Build.0 = Debug|Any CPU
		{274EB8D3-9BFD-4B3A-A3F6-21B894B0329C}.Release|Any CPU.ActiveCfg = Release|Any CPU
		{274EB8D3-9BFD-4B3A-A3F6-21B894B0329C}.Release|Any CPU.Build.0 = Release|Any CPU
		{DC5E35E7-A9E5-4B2A-8CD9-CBF9F1896588}.Debug|Any CPU.ActiveCfg = Debug|Any CPU
		{DC5E35E7-A9E5-4B2A-8CD9-CBF9F1896588}.Debug|Any CPU.Build.0 = Debug|Any CPU
		{DC5E35E7-A9E5-4B2A-8CD9-CBF9F1896588}.Release|Any CPU.ActiveCfg = Release|Any CPU
		{DC5E35E7-A9E5-4B2A-8CD9-CBF9F1896588}.Release|Any CPU.Build.0 = Release|Any CPU
		{28BB199C-BE37-42A5-81D8-39F42AA01896}.Debug|Any CPU.ActiveCfg = Debug|Any CPU
		{28BB199C-BE37-42A5-81D8-39F42AA01896}.Debug|Any CPU.Build.0 = Debug|Any CPU
		{28BB199C-BE37-42A5-81D8-39F42AA01896}.Release|Any CPU.ActiveCfg = Release|Any CPU
		{28BB199C-BE37-42A5-81D8-39F42AA01896}.Release|Any CPU.Build.0 = Release|Any CPU
		{F5D6D194-155C-4F25-87AC-A5C4C204BAA9}.Debug|Any CPU.ActiveCfg = Debug|Any CPU
		{F5D6D194-155C-4F25-87AC-A5C4C204BAA9}.Debug|Any CPU.Build.0 = Debug|Any CPU
		{F5D6D194-155C-4F25-87AC-A5C4C204BAA9}.Release|Any CPU.ActiveCfg = Release|Any CPU
		{F5D6D194-155C-4F25-87AC-A5C4C204BAA9}.Release|Any CPU.Build.0 = Release|Any CPU
		{A428FEDB-81D6-4BC3-A844-C1DB9A455904}.Debug|Any CPU.ActiveCfg = Debug|Any CPU
		{A428FEDB-81D6-4BC3-A844-C1DB9A455904}.Debug|Any CPU.Build.0 = Debug|Any CPU
		{A428FEDB-81D6-4BC3-A844-C1DB9A455904}.Release|Any CPU.ActiveCfg = Release|Any CPU
		{A428FEDB-81D6-4BC3-A844-C1DB9A455904}.Release|Any CPU.Build.0 = Release|Any CPU
	EndGlobalSection
	GlobalSection(SolutionProperties) = preSolution
		HideSolutionNode = FALSE
	EndGlobalSection
EndGlobal
